
Microsoft Visual Studio Solution File, Format Version 12.00
# Visual Studio 2013
VisualStudioVersion = 12.0.40629.0
MinimumVisualStudioVersion = 10.0.40219.1
Project("{8BC9CEB8-8B4A-11D0-8D11-00A0C91BC942}") = "Q7", "Q7.vcxproj", "{ED7EF26A-660A-42EE-8D30-3E1BA9CF3AD3}"
EndProject
Project("{8BC9CEB8-8B4A-11D0-8D11-00A0C91BC942}") = "Q7Child", "Q7Child\Q7Child.vcxproj", "{1DE7EEFC-47FB-4217-AD27-E22B1C2017B9}"
EndProject
Project("{8BC9CEB8-8B4A-11D0-8D11-00A0C91BC942}") = "rt", "..\rt\rt.vcxproj", "{0A4428EB-3A29-4E7D-BD3F-FA007B89D4BD}"
EndProject
Global
	GlobalSection(SolutionConfigurationPlatforms) = preSolution
		Debug|Win32 = Debug|Win32
		Release|Win32 = Release|Win32
		Template|Win32 = Template|Win32
	EndGlobalSection
	GlobalSection(ProjectConfigurationPlatforms) = postSolution
		{ED7EF26A-660A-42EE-8D30-3E1BA9CF3AD3}.Debug|Win32.ActiveCfg = Debug|Win32
		{ED7EF26A-660A-42EE-8D30-3E1BA9CF3AD3}.Debug|Win32.Build.0 = Debug|Win32
		{ED7EF26A-660A-42EE-8D30-3E1BA9CF3AD3}.Release|Win32.ActiveCfg = Release|Win32
		{ED7EF26A-660A-42EE-8D30-3E1BA9CF3AD3}.Release|Win32.Build.0 = Release|Win32
		{ED7EF26A-660A-42EE-8D30-3E1BA9CF3AD3}.Template|Win32.ActiveCfg = Release|Win32
		{ED7EF26A-660A-42EE-8D30-3E1BA9CF3AD3}.Template|Win32.Build.0 = Release|Win32
		{1DE7EEFC-47FB-4217-AD27-E22B1C2017B9}.Debug|Win32.ActiveCfg = Debug|Win32
		{1DE7EEFC-47FB-4217-AD27-E22B1C2017B9}.Debug|Win32.Build.0 = Debug|Win32
		{1DE7EEFC-47FB-4217-AD27-E22B1C2017B9}.Release|Win32.ActiveCfg = Release|Win32
		{1DE7EEFC-47FB-4217-AD27-E22B1C2017B9}.Release|Win32.Build.0 = Release|Win32
		{1DE7EEFC-47FB-4217-AD27-E22B1C2017B9}.Template|Win32.ActiveCfg = Template|Win32
		{1DE7EEFC-47FB-4217-AD27-E22B1C2017B9}.Template|Win32.Build.0 = Template|Win32
		{0A4428EB-3A29-4E7D-BD3F-FA007B89D4BD}.Debug|Win32.ActiveCfg = Debug|Win32
		{0A4428EB-3A29-4E7D-BD3F-FA007B89D4BD}.Debug|Win32.Build.0 = Debug|Win32
		{0A4428EB-3A29-4E7D-BD3F-FA007B89D4BD}.Release|Win32.ActiveCfg = Release|Win32
		{0A4428EB-3A29-4E7D-BD3F-FA007B89D4BD}.Release|Win32.Build.0 = Release|Win32
		{0A4428EB-3A29-4E7D-BD3F-FA007B89D4BD}.Template|Win32.ActiveCfg = Template|Win32
		{0A4428EB-3A29-4E7D-BD3F-FA007B89D4BD}.Template|Win32.Build.0 = Template|Win32
	EndGlobalSection
	GlobalSection(SolutionProperties) = preSolution
		HideSolutionNode = FALSE
	EndGlobalSection
EndGlobal
