
Microsoft Visual Studio Solution File, Format Version 12.00
# Visual Studio 2013
VisualStudioVersion = 12.0.40629.0
MinimumVisualStudioVersion = 10.0.40219.1
Project("{8BC9CEB8-8B4A-11D0-8D11-00A0C91BC942}") = "Q7", "Q7.vcxproj", "{093429ED-C075-49E8-ABC2-01A672D3C359}"
EndProject
Project("{8BC9CEB8-8B4A-11D0-8D11-00A0C91BC942}") = "Q7Child", "Q7Child\Q7Child.vcxproj", "{A4456537-A97B-4E3F-8CDD-45B1E256A4FA}"
EndProject
Project("{8BC9CEB8-8B4A-11D0-8D11-00A0C91BC942}") = "rt", "..\rt\rt.vcxproj", "{BF6CF1F6-B993-4E3C-8635-A75B9F37CE96}"
EndProject
Global
	GlobalSection(SolutionConfigurationPlatforms) = preSolution
		Debug|Win32 = Debug|Win32
		Release|Win32 = Release|Win32
		Template|Win32 = Template|Win32
	EndGlobalSection
	GlobalSection(ProjectConfigurationPlatforms) = postSolution
		{093429ED-C075-49E8-ABC2-01A672D3C359}.Debug|Win32.ActiveCfg = Debug|Win32
		{093429ED-C075-49E8-ABC2-01A672D3C359}.Debug|Win32.Build.0 = Debug|Win32
		{093429ED-C075-49E8-ABC2-01A672D3C359}.Release|Win32.ActiveCfg = Release|Win32
		{093429ED-C075-49E8-ABC2-01A672D3C359}.Release|Win32.Build.0 = Release|Win32
		{093429ED-C075-49E8-ABC2-01A672D3C359}.Template|Win32.ActiveCfg = Release|Win32
		{093429ED-C075-49E8-ABC2-01A672D3C359}.Template|Win32.Build.0 = Release|Win32
		{A4456537-A97B-4E3F-8CDD-45B1E256A4FA}.Debug|Win32.ActiveCfg = Debug|Win32
		{A4456537-A97B-4E3F-8CDD-45B1E256A4FA}.Debug|Win32.Build.0 = Debug|Win32
		{A4456537-A97B-4E3F-8CDD-45B1E256A4FA}.Release|Win32.ActiveCfg = Release|Win32
		{A4456537-A97B-4E3F-8CDD-45B1E256A4FA}.Release|Win32.Build.0 = Release|Win32
		{A4456537-A97B-4E3F-8CDD-45B1E256A4FA}.Template|Win32.ActiveCfg = Template|Win32
		{A4456537-A97B-4E3F-8CDD-45B1E256A4FA}.Template|Win32.Build.0 = Template|Win32
		{BF6CF1F6-B993-4E3C-8635-A75B9F37CE96}.Debug|Win32.ActiveCfg = Debug|Win32
		{BF6CF1F6-B993-4E3C-8635-A75B9F37CE96}.Debug|Win32.Build.0 = Debug|Win32
		{BF6CF1F6-B993-4E3C-8635-A75B9F37CE96}.Release|Win32.ActiveCfg = Release|Win32
		{BF6CF1F6-B993-4E3C-8635-A75B9F37CE96}.Release|Win32.Build.0 = Release|Win32
		{BF6CF1F6-B993-4E3C-8635-A75B9F37CE96}.Template|Win32.ActiveCfg = Template|Win32
		{BF6CF1F6-B993-4E3C-8635-A75B9F37CE96}.Template|Win32.Build.0 = Template|Win32
	EndGlobalSection
	GlobalSection(SolutionProperties) = preSolution
		HideSolutionNode = FALSE
	EndGlobalSection
EndGlobal
