
Microsoft Visual Studio Solution File, Format Version 12.00
# Visual Studio 2013
VisualStudioVersion = 12.0.40629.0
MinimumVisualStudioVersion = 10.0.40219.1
Project("{8BC9CEB8-8B4A-11D0-8D11-00A0C91BC942}") = "Q7", "Q7.vcxproj", "{774AAE05-1717-4DB6-BE24-235538CD50B0}"
EndProject
Project("{8BC9CEB8-8B4A-11D0-8D11-00A0C91BC942}") = "Q7Child", "Q7Child\Q7Child.vcxproj", "{D4C4C3B9-06D9-4003-A14A-35E3297CEA3B}"
EndProject
Project("{8BC9CEB8-8B4A-11D0-8D11-00A0C91BC942}") = "rt", "..\rt\rt.vcxproj", "{0070E81F-2B4F-45AE-8391-24F83B908B84}"
EndProject
Project("{8BC9CEB8-8B4A-11D0-8D11-00A0C91BC942}") = "Q7Child2", "Q7Child2\Q7Child2.vcxproj", "{FA367356-BA6A-4143-891A-16AF28110D95}"
EndProject
Project("{8BC9CEB8-8B4A-11D0-8D11-00A0C91BC942}") = "Q7Child3", "Q7Child3\Q7Child3.vcxproj", "{2FDBB7E6-EE59-4FBF-92FE-99E32AB6D8D3}"
EndProject
Project("{8BC9CEB8-8B4A-11D0-8D11-00A0C91BC942}") = "Q7ChildIO", "Q7ChildIO\Q7ChildIO.vcxproj", "{249CB231-3AA3-4BBA-89EB-8CDE1BDD8088}"
EndProject
Global
	GlobalSection(SolutionConfigurationPlatforms) = preSolution
		Debug|Win32 = Debug|Win32
		Release|Win32 = Release|Win32
		Template|Win32 = Template|Win32
	EndGlobalSection
	GlobalSection(ProjectConfigurationPlatforms) = postSolution
		{774AAE05-1717-4DB6-BE24-235538CD50B0}.Debug|Win32.ActiveCfg = Debug|Win32
		{774AAE05-1717-4DB6-BE24-235538CD50B0}.Debug|Win32.Build.0 = Debug|Win32
		{774AAE05-1717-4DB6-BE24-235538CD50B0}.Release|Win32.ActiveCfg = Release|Win32
		{774AAE05-1717-4DB6-BE24-235538CD50B0}.Release|Win32.Build.0 = Release|Win32
		{774AAE05-1717-4DB6-BE24-235538CD50B0}.Template|Win32.ActiveCfg = Release|Win32
		{774AAE05-1717-4DB6-BE24-235538CD50B0}.Template|Win32.Build.0 = Release|Win32
		{D4C4C3B9-06D9-4003-A14A-35E3297CEA3B}.Debug|Win32.ActiveCfg = Debug|Win32
		{D4C4C3B9-06D9-4003-A14A-35E3297CEA3B}.Debug|Win32.Build.0 = Debug|Win32
		{D4C4C3B9-06D9-4003-A14A-35E3297CEA3B}.Release|Win32.ActiveCfg = Release|Win32
		{D4C4C3B9-06D9-4003-A14A-35E3297CEA3B}.Release|Win32.Build.0 = Release|Win32
		{D4C4C3B9-06D9-4003-A14A-35E3297CEA3B}.Template|Win32.ActiveCfg = Template|Win32
		{D4C4C3B9-06D9-4003-A14A-35E3297CEA3B}.Template|Win32.Build.0 = Template|Win32
		{0070E81F-2B4F-45AE-8391-24F83B908B84}.Debug|Win32.ActiveCfg = Debug|Win32
		{0070E81F-2B4F-45AE-8391-24F83B908B84}.Debug|Win32.Build.0 = Debug|Win32
		{0070E81F-2B4F-45AE-8391-24F83B908B84}.Release|Win32.ActiveCfg = Release|Win32
		{0070E81F-2B4F-45AE-8391-24F83B908B84}.Release|Win32.Build.0 = Release|Win32
		{0070E81F-2B4F-45AE-8391-24F83B908B84}.Template|Win32.ActiveCfg = Template|Win32
		{0070E81F-2B4F-45AE-8391-24F83B908B84}.Template|Win32.Build.0 = Template|Win32
		{FA367356-BA6A-4143-891A-16AF28110D95}.Debug|Win32.ActiveCfg = Debug|Win32
		{FA367356-BA6A-4143-891A-16AF28110D95}.Debug|Win32.Build.0 = Debug|Win32
		{FA367356-BA6A-4143-891A-16AF28110D95}.Release|Win32.ActiveCfg = Release|Win32
		{FA367356-BA6A-4143-891A-16AF28110D95}.Release|Win32.Build.0 = Release|Win32
		{FA367356-BA6A-4143-891A-16AF28110D95}.Template|Win32.ActiveCfg = Template|Win32
		{FA367356-BA6A-4143-891A-16AF28110D95}.Template|Win32.Build.0 = Template|Win32
		{2FDBB7E6-EE59-4FBF-92FE-99E32AB6D8D3}.Debug|Win32.ActiveCfg = Debug|Win32
		{2FDBB7E6-EE59-4FBF-92FE-99E32AB6D8D3}.Debug|Win32.Build.0 = Debug|Win32
		{2FDBB7E6-EE59-4FBF-92FE-99E32AB6D8D3}.Release|Win32.ActiveCfg = Release|Win32
		{2FDBB7E6-EE59-4FBF-92FE-99E32AB6D8D3}.Release|Win32.Build.0 = Release|Win32
		{2FDBB7E6-EE59-4FBF-92FE-99E32AB6D8D3}.Template|Win32.ActiveCfg = Template|Win32
		{2FDBB7E6-EE59-4FBF-92FE-99E32AB6D8D3}.Template|Win32.Build.0 = Template|Win32
		{249CB231-3AA3-4BBA-89EB-8CDE1BDD8088}.Debug|Win32.ActiveCfg = Debug|Win32
		{249CB231-3AA3-4BBA-89EB-8CDE1BDD8088}.Debug|Win32.Build.0 = Debug|Win32
		{249CB231-3AA3-4BBA-89EB-8CDE1BDD8088}.Release|Win32.ActiveCfg = Release|Win32
		{249CB231-3AA3-4BBA-89EB-8CDE1BDD8088}.Release|Win32.Build.0 = Release|Win32
		{249CB231-3AA3-4BBA-89EB-8CDE1BDD8088}.Template|Win32.ActiveCfg = Template|Win32
		{249CB231-3AA3-4BBA-89EB-8CDE1BDD8088}.Template|Win32.Build.0 = Template|Win32
	EndGlobalSection
	GlobalSection(SolutionProperties) = preSolution
		HideSolutionNode = FALSE
	EndGlobalSection
EndGlobal
